
Microsoft Visual Studio Solution File, Format Version 12.00
# Visual Studio Version 17
VisualStudioVersion = 17.1.32421.90
MinimumVisualStudioVersion = 10.0.40219.1
Project("{8BC9CEB8-8B4A-11D0-8D11-00A0C91BC942}") = "BankAccountProject", "BankAccountProject\BankAccountProject.vcxproj", "{72E7A60C-5A37-447D-9972-1E4742A73D42}"
EndProject
Global
	GlobalSection(SolutionConfigurationPlatforms) = preSolution
		Debug|x64 = Debug|x64
		Debug|x86 = Debug|x86
		Release|x64 = Release|x64
		Release|x86 = Release|x86
	EndGlobalSection
	GlobalSection(ProjectConfigurationPlatforms) = postSolution
		{72E7A60C-5A37-447D-9972-1E4742A73D42}.Debug|x64.ActiveCfg = Debug|x64
		{72E7A60C-5A37-447D-9972-1E4742A73D42}.Debug|x64.Build.0 = Debug|x64
		{72E7A60C-5A37-447D-9972-1E4742A73D42}.Debug|x86.ActiveCfg = Debug|Win32
		{72E7A60C-5A37-447D-9972-1E4742A73D42}.Debug|x86.Build.0 = Debug|Win32
		{72E7A60C-5A37-447D-9972-1E4742A73D42}.Release|x64.ActiveCfg = Release|x64
		{72E7A60C-5A37-447D-9972-1E4742A73D42}.Release|x64.Build.0 = Release|x64
		{72E7A60C-5A37-447D-9972-1E4742A73D42}.Release|x86.ActiveCfg = Release|Win32
		{72E7A60C-5A37-447D-9972-1E4742A73D42}.Release|x86.Build.0 = Release|Win32
	EndGlobalSection
	GlobalSection(SolutionProperties) = preSolution
		HideSolutionNode = FALSE
	EndGlobalSection
	GlobalSection(ExtensibilityGlobals) = postSolution
		SolutionGuid = {DFA94181-FD09-4F3F-B601-B1734C96992E}
	EndGlobalSection
EndGlobal
